
Microsoft Visual Studio Solution File, Format Version 12.00
# Visual Studio Version 16
VisualStudioVersion = 16.0.31911.196
MinimumVisualStudioVersion = 10.0.40219.1
Project("{FAE04EC0-301F-11D3-BF4B-00C04F79EFBC}") = "WebAppCrudeMVCCore", "WebAppCrudeMVCCore\WebAppCrudeMVCCore.csproj", "{4A1777BB-9334-4BF6-B669-7D200A88B540}"
EndProject
Global
	GlobalSection(SolutionConfigurationPlatforms) = preSolution
		Debug|Any CPU = Debug|Any CPU
		Release|Any CPU = Release|Any CPU
	EndGlobalSection
	GlobalSection(ProjectConfigurationPlatforms) = postSolution
		{4A1777BB-9334-4BF6-B669-7D200A88B540}.Debug|Any CPU.ActiveCfg = Debug|Any CPU
		{4A1777BB-9334-4BF6-B669-7D200A88B540}.Debug|Any CPU.Build.0 = Debug|Any CPU
		{4A1777BB-9334-4BF6-B669-7D200A88B540}.Release|Any CPU.ActiveCfg = Release|Any CPU
		{4A1777BB-9334-4BF6-B669-7D200A88B540}.Release|Any CPU.Build.0 = Release|Any CPU
	EndGlobalSection
	GlobalSection(SolutionProperties) = preSolution
		HideSolutionNode = FALSE
	EndGlobalSection
	GlobalSection(ExtensibilityGlobals) = postSolution
		SolutionGuid = {896A8EF7-41A6-4699-855A-7CE5706A74ED}
	EndGlobalSection
EndGlobal
